{
  "name": "module-link-unlink",
  "version": "1.0.4",
  "lockfileVersion": 3,
  "requires": true,
  "packages": {
    "": {
      "name": "module-link-unlink",
      "version": "1.0.4",
      "license": "MIT",
      "dependencies": {
        "link-unlink": "*",
        "lock": "*",
        "mkdirp-classic": "*",
        "queue-cb": "*"
      },
      "devDependencies": {
        "@types/mocha": "*",
        "@types/node": "*",
        "fs-exists-sync": "*",
        "pinkie-promise": "*",
        "rimraf2": "*"
      },
      "engines": {
        "node": ">=0.8"
      }
    },
    "node_modules/@types/mocha": {
      "version": "10.0.10",
      "dev": true,
      "license": "MIT"
    },
    "node_modules/@types/node": {
      "version": "24.9.1",
      "dev": true,
      "license": "MIT",
      "dependencies": {
        "undici-types": "~7.16.0"
      }
    },
    "node_modules/fs-exists-sync": {
      "version": "0.1.0",
      "dev": true,
      "license": "MIT",
      "engines": {
        "node": ">=0.10.0"
      }
    },
    "node_modules/imurmurhash": {
      "version": "0.1.4",
      "license": "MIT",
      "engines": {
        "node": ">=0.8.19"
      }
    },
    "node_modules/link-unlink": {
      "version": "1.0.3",
      "license": "MIT",
      "dependencies": {
        "lock": "*",
        "mkdirp-classic": "*",
        "queue-cb": "*",
        "rimraf2": "*",
        "temp-suffix": "*"
      },
      "engines": {
        "node": ">=0.8"
      }
    },
    "node_modules/lock": {
      "version": "1.1.0",
      "license": "MIT"
    },
    "node_modules/mkdirp-classic": {
      "version": "0.5.3",
      "license": "MIT"
    },
    "node_modules/pinkie": {
      "version": "2.0.4",
      "dev": true,
      "license": "MIT",
      "engines": {
        "node": ">=0.10.0"
      }
    },
    "node_modules/pinkie-promise": {
      "version": "2.0.1",
      "dev": true,
      "license": "MIT",
      "dependencies": {
        "pinkie": "^2.0.0"
      },
      "engines": {
        "node": ">=0.10.0"
      }
    },
    "node_modules/queue-cb": {
      "version": "1.5.6",
      "license": "MIT",
      "engines": {
        "node": ">=0.8"
      }
    },
    "node_modules/rimraf2": {
      "version": "2.8.2",
      "license": "ISC",
      "bin": {
        "rimraf2": "bin.js"
      },
      "peerDependencies": {
        "glob": "*"
      },
      "peerDependenciesMeta": {
        "glob": {
          "optional": true
        }
      }
    },
    "node_modules/temp-suffix": {
      "version": "1.0.3",
      "license": "MIT",
      "dependencies": {
        "imurmurhash": "*"
      },
      "engines": {
        "node": ">=0.8"
      }
    },
    "node_modules/undici-types": {
      "version": "7.16.0",
      "dev": true,
      "license": "MIT"
    }
  }
}
