{
  "name": "module-link-unlink",
  "version": "1.0.3",
  "lockfileVersion": 3,
  "requires": true,
  "packages": {
    "": {
      "name": "module-link-unlink",
      "version": "1.0.3",
      "license": "MIT",
      "dependencies": {
        "link-unlink": "*",
        "lock": "*",
        "mkdirp-classic": "*",
        "queue-cb": "*"
      },
      "devDependencies": {
        "@types/mocha": "*",
        "@types/node": "*",
        "fs-exists-sync": "*",
        "pinkie-promise": "*",
        "rimraf2": "*"
      },
      "engines": {
        "node": ">=0.8"
      }
    },
    "node_modules/@types/mocha": {
      "version": "10.0.10",
      "resolved": "https://registry.npmjs.org/@types/mocha/-/mocha-10.0.10.tgz",
      "integrity": "sha512-xPyYSz1cMPnJQhl0CLMH68j3gprKZaTjG3s5Vi+fDgx+uhG9NOXwbVt52eFS8ECyXhyKcjDLCBEqBExKuiZb7Q==",
      "dev": true,
      "license": "MIT"
    },
    "node_modules/@types/node": {
      "version": "24.9.1",
      "resolved": "https://registry.npmjs.org/@types/node/-/node-24.9.1.tgz",
      "integrity": "sha512-QoiaXANRkSXK6p0Duvt56W208du4P9Uye9hWLWgGMDTEoKPhuenzNcC4vGUmrNkiOKTlIrBoyNQYNpSwfEZXSg==",
      "dev": true,
      "license": "MIT",
      "dependencies": {
        "undici-types": "~7.16.0"
      }
    },
    "node_modules/fs-exists-sync": {
      "version": "0.1.0",
      "resolved": "https://registry.npmjs.org/fs-exists-sync/-/fs-exists-sync-0.1.0.tgz",
      "integrity": "sha512-cR/vflFyPZtrN6b38ZyWxpWdhlXrzZEBawlpBQMq7033xVY7/kg0GDMBK5jg8lDYQckdJ5x/YC88lM3C7VMsLg==",
      "dev": true,
      "license": "MIT",
      "engines": {
        "node": ">=0.10.0"
      }
    },
    "node_modules/imurmurhash": {
      "version": "0.1.4",
      "resolved": "https://registry.npmjs.org/imurmurhash/-/imurmurhash-0.1.4.tgz",
      "integrity": "sha512-JmXMZ6wuvDmLiHEml9ykzqO6lwFbof0GG4IkcGaENdCRDDmMVnny7s5HsIgHCbaq0w2MyPhDqkhTUgS2LU2PHA==",
      "license": "MIT",
      "engines": {
        "node": ">=0.8.19"
      }
    },
    "node_modules/link-unlink": {
      "version": "1.0.2",
      "resolved": "https://registry.npmjs.org/link-unlink/-/link-unlink-1.0.2.tgz",
      "integrity": "sha512-sN3WpQaQAphTPgVSYnHtxewIVdRVVf5LSBU2olq6/UnkA8ARQyX1wTAGdc99F1FIRWy0/Q7VPKTuN+ZIyow1YQ==",
      "license": "MIT",
      "dependencies": {
        "lock": "*",
        "mkdirp-classic": "*",
        "queue-cb": "*",
        "rimraf2": "*",
        "temp-suffix": "*"
      },
      "engines": {
        "node": ">=0.8"
      }
    },
    "node_modules/lock": {
      "version": "1.1.0",
      "resolved": "https://registry.npmjs.org/lock/-/lock-1.1.0.tgz",
      "integrity": "sha512-NZQIJJL5Rb9lMJ0Yl1JoVr9GSdo4HTPsUEWsSFzB8dE8DSoiLCVavWZPi7Rnlv/o73u6I24S/XYc/NmG4l8EKA==",
      "license": "MIT"
    },
    "node_modules/mkdirp-classic": {
      "version": "0.5.3",
      "resolved": "https://registry.npmjs.org/mkdirp-classic/-/mkdirp-classic-0.5.3.tgz",
      "integrity": "sha512-gKLcREMhtuZRwRAfqP3RFW+TK4JqApVBtOIftVgjuABpAtpxhPGaDcfvbhNvD0B8iD1oUr/txX35NjcaY6Ns/A==",
      "license": "MIT"
    },
    "node_modules/pinkie": {
      "version": "2.0.4",
      "resolved": "https://registry.npmjs.org/pinkie/-/pinkie-2.0.4.tgz",
      "integrity": "sha512-MnUuEycAemtSaeFSjXKW/aroV7akBbY+Sv+RkyqFjgAe73F+MR0TBWKBRDkmfWq/HiFmdavfZ1G7h4SPZXaCSg==",
      "dev": true,
      "license": "MIT",
      "engines": {
        "node": ">=0.10.0"
      }
    },
    "node_modules/pinkie-promise": {
      "version": "2.0.1",
      "resolved": "https://registry.npmjs.org/pinkie-promise/-/pinkie-promise-2.0.1.tgz",
      "integrity": "sha512-0Gni6D4UcLTbv9c57DfxDGdr41XfgUjqWZu492f0cIGr16zDU06BWP/RAEvOuo7CQ0CNjHaLlM59YJJFm3NWlw==",
      "dev": true,
      "license": "MIT",
      "dependencies": {
        "pinkie": "^2.0.0"
      },
      "engines": {
        "node": ">=0.10.0"
      }
    },
    "node_modules/queue-cb": {
      "version": "1.5.5",
      "resolved": "https://registry.npmjs.org/queue-cb/-/queue-cb-1.5.5.tgz",
      "integrity": "sha512-KnmJ3YTlafAb+etB7W46WcijcAQOhlGd3RXu5vQYlCMyPoDyWxkN4G1tHOFtdizpgXARPqXxhKgF1IpvW0le5w==",
      "license": "MIT",
      "engines": {
        "node": ">=0.8"
      }
    },
    "node_modules/rimraf2": {
      "version": "2.8.2",
      "resolved": "https://registry.npmjs.org/rimraf2/-/rimraf2-2.8.2.tgz",
      "integrity": "sha512-Bz7P3Zu6lEpek5LduIqg5A2mRu8kCllR+rGYofqq9bRRiHC9m+Py/EiINPt9iu/XOqQ//Q++XSka7EwL3K3Chw==",
      "license": "ISC",
      "bin": {
        "rimraf2": "bin.js"
      },
      "peerDependencies": {
        "glob": "*"
      },
      "peerDependenciesMeta": {
        "glob": {
          "optional": true
        }
      }
    },
    "node_modules/temp-suffix": {
      "version": "1.0.2",
      "resolved": "https://registry.npmjs.org/temp-suffix/-/temp-suffix-1.0.2.tgz",
      "integrity": "sha512-swSUEOv35ZlgWszYRSj5zHku9JLGD2Jw+XKnPLONNBgs4+Gdk/4gqDNjY2Ojri5kDWkbdyqS393pG8GeyUaitQ==",
      "license": "MIT",
      "dependencies": {
        "imurmurhash": "*"
      },
      "engines": {
        "node": ">=0.8"
      }
    },
    "node_modules/undici-types": {
      "version": "7.16.0",
      "resolved": "https://registry.npmjs.org/undici-types/-/undici-types-7.16.0.tgz",
      "integrity": "sha512-Zz+aZWSj8LE6zoxD+xrjh4VfkIG8Ya6LvYkZqtUQGJPZjYl53ypCaUwWqo7eI0x66KBGeRo+mlBEkMSeSZ38Nw==",
      "dev": true,
      "license": "MIT"
    }
  }
}
